
Microsoft Visual Studio Solution File, Format Version 12.00
# Visual Studio Version 16
VisualStudioVersion = 16.0.29911.84
MinimumVisualStudioVersion = 10.0.40219.1
Project("{2150E333-8FDC-42A3-9474-1A3956D46DE8}") = "src", "src", "{FA7B66C9-2081-4FD5-9036-F4A8351984A1}"
EndProject
Project("{2150E333-8FDC-42A3-9474-1A3956D46DE8}") = "Catalog", "Catalog", "{8D974ACE-666F-43AD-88A8-2C822213CF1A}"
EndProject
Project("{9A19103F-16F7-4668-BE54-9A1E7A4F7556}") = "Catalog.API", "src\Catalog\Catalog.API\Catalog.API.csproj", "{77ABCAC0-5FAA-4170-9DB3-8D19EEC37BE3}"
EndProject
Project("{E53339B2-1760-4266-BCC7-CA923CBCF16C}") = "docker-compose", "docker-compose.dcproj", "{569C10B1-008E-4001-A86D-41DD2C6E6445}"
EndProject
Project("{2150E333-8FDC-42A3-9474-1A3956D46DE8}") = "Solution Items", "Solution Items", "{5CB3B34D-BD8C-4BB1-A824-5FED25DA9DB3}"
	ProjectSection(SolutionItems) = preProject
		Docker-Commands.txt = Docker-Commands.txt
	EndProjectSection
EndProject
Project("{2150E333-8FDC-42A3-9474-1A3956D46DE8}") = "Basket", "Basket", "{1DEDD823-ACC2-40FC-8E17-F241DEBAFADF}"
EndProject
Project("{9A19103F-16F7-4668-BE54-9A1E7A4F7556}") = "Basket.API", "src\Basket\Basket.API\Basket.API.csproj", "{D0B17318-975A-4EBD-BF70-57691712A015}"
EndProject
Project("{2150E333-8FDC-42A3-9474-1A3956D46DE8}") = "Common", "Common", "{FDB3E023-3503-4AC2-ACEE-EF018AC84D87}"
EndProject
Project("{9A19103F-16F7-4668-BE54-9A1E7A4F7556}") = "EventBus.RabbitMQ", "src\Common\EventBus.RabbitMQ\EventBus.RabbitMQ.csproj", "{D2BF2E5D-91C2-41A3-BFEA-ADC6BFCC25A6}"
EndProject
Project("{2150E333-8FDC-42A3-9474-1A3956D46DE8}") = "Ordering", "Ordering", "{BC51FD16-DF14-4873-BC31-3139A413B32E}"
EndProject
Project("{9A19103F-16F7-4668-BE54-9A1E7A4F7556}") = "Ordering.API", "src\Ordering\Ordering.API\Ordering.API.csproj", "{D97ED06A-EFE7-4942-A343-0470637B38A6}"
EndProject
Project("{9A19103F-16F7-4668-BE54-9A1E7A4F7556}") = "Ordering.Core", "src\Ordering\Ordering.Core\Ordering.Core.csproj", "{DDCEDD6C-7689-4F06-B918-E8C349089E2C}"
EndProject
Project("{9A19103F-16F7-4668-BE54-9A1E7A4F7556}") = "Ordering.Infrastructure", "src\Ordering\Ordering.Infrastructure\Ordering.Infrastructure.csproj", "{3AC65D70-D9DC-4783-869E-D87508C73453}"
EndProject
Project("{9A19103F-16F7-4668-BE54-9A1E7A4F7556}") = "Ordering.Application", "src\Ordering\Ordering.Application\Ordering.Application.csproj", "{B1471FC7-FB39-461F-B17B-632A4BD3F5CF}"
EndProject
Global
	GlobalSection(SolutionConfigurationPlatforms) = preSolution
		Debug|Any CPU = Debug|Any CPU
		Release|Any CPU = Release|Any CPU
	EndGlobalSection
	GlobalSection(ProjectConfigurationPlatforms) = postSolution
		{77ABCAC0-5FAA-4170-9DB3-8D19EEC37BE3}.Debug|Any CPU.ActiveCfg = Debug|Any CPU
		{77ABCAC0-5FAA-4170-9DB3-8D19EEC37BE3}.Debug|Any CPU.Build.0 = Debug|Any CPU
		{77ABCAC0-5FAA-4170-9DB3-8D19EEC37BE3}.Release|Any CPU.ActiveCfg = Release|Any CPU
		{77ABCAC0-5FAA-4170-9DB3-8D19EEC37BE3}.Release|Any CPU.Build.0 = Release|Any CPU
		{569C10B1-008E-4001-A86D-41DD2C6E6445}.Debug|Any CPU.ActiveCfg = Debug|Any CPU
		{569C10B1-008E-4001-A86D-41DD2C6E6445}.Debug|Any CPU.Build.0 = Debug|Any CPU
		{569C10B1-008E-4001-A86D-41DD2C6E6445}.Release|Any CPU.ActiveCfg = Release|Any CPU
		{569C10B1-008E-4001-A86D-41DD2C6E6445}.Release|Any CPU.Build.0 = Release|Any CPU
		{D0B17318-975A-4EBD-BF70-57691712A015}.Debug|Any CPU.ActiveCfg = Debug|Any CPU
		{D0B17318-975A-4EBD-BF70-57691712A015}.Debug|Any CPU.Build.0 = Debug|Any CPU
		{D0B17318-975A-4EBD-BF70-57691712A015}.Release|Any CPU.ActiveCfg = Release|Any CPU
		{D0B17318-975A-4EBD-BF70-57691712A015}.Release|Any CPU.Build.0 = Release|Any CPU
		{D2BF2E5D-91C2-41A3-BFEA-ADC6BFCC25A6}.Debug|Any CPU.ActiveCfg = Debug|Any CPU
		{D2BF2E5D-91C2-41A3-BFEA-ADC6BFCC25A6}.Debug|Any CPU.Build.0 = Debug|Any CPU
		{D2BF2E5D-91C2-41A3-BFEA-ADC6BFCC25A6}.Release|Any CPU.ActiveCfg = Release|Any CPU
		{D2BF2E5D-91C2-41A3-BFEA-ADC6BFCC25A6}.Release|Any CPU.Build.0 = Release|Any CPU
		{D97ED06A-EFE7-4942-A343-0470637B38A6}.Debug|Any CPU.ActiveCfg = Debug|Any CPU
		{D97ED06A-EFE7-4942-A343-0470637B38A6}.Debug|Any CPU.Build.0 = Debug|Any CPU
		{D97ED06A-EFE7-4942-A343-0470637B38A6}.Release|Any CPU.ActiveCfg = Release|Any CPU
		{D97ED06A-EFE7-4942-A343-0470637B38A6}.Release|Any CPU.Build.0 = Release|Any CPU
		{DDCEDD6C-7689-4F06-B918-E8C349089E2C}.Debug|Any CPU.ActiveCfg = Debug|Any CPU
		{DDCEDD6C-7689-4F06-B918-E8C349089E2C}.Debug|Any CPU.Build.0 = Debug|Any CPU
		{DDCEDD6C-7689-4F06-B918-E8C349089E2C}.Release|Any CPU.ActiveCfg = Release|Any CPU
		{DDCEDD6C-7689-4F06-B918-E8C349089E2C}.Release|Any CPU.Build.0 = Release|Any CPU
		{3AC65D70-D9DC-4783-869E-D87508C73453}.Debug|Any CPU.ActiveCfg = Debug|Any CPU
		{3AC65D70-D9DC-4783-869E-D87508C73453}.Debug|Any CPU.Build.0 = Debug|Any CPU
		{3AC65D70-D9DC-4783-869E-D87508C73453}.Release|Any CPU.ActiveCfg = Release|Any CPU
		{3AC65D70-D9DC-4783-869E-D87508C73453}.Release|Any CPU.Build.0 = Release|Any CPU
		{B1471FC7-FB39-461F-B17B-632A4BD3F5CF}.Debug|Any CPU.ActiveCfg = Debug|Any CPU
		{B1471FC7-FB39-461F-B17B-632A4BD3F5CF}.Debug|Any CPU.Build.0 = Debug|Any CPU
		{B1471FC7-FB39-461F-B17B-632A4BD3F5CF}.Release|Any CPU.ActiveCfg = Release|Any CPU
		{B1471FC7-FB39-461F-B17B-632A4BD3F5CF}.Release|Any CPU.Build.0 = Release|Any CPU
	EndGlobalSection
	GlobalSection(SolutionProperties) = preSolution
		HideSolutionNode = FALSE
	EndGlobalSection
	GlobalSection(NestedProjects) = preSolution
		{8D974ACE-666F-43AD-88A8-2C822213CF1A} = {FA7B66C9-2081-4FD5-9036-F4A8351984A1}
		{77ABCAC0-5FAA-4170-9DB3-8D19EEC37BE3} = {8D974ACE-666F-43AD-88A8-2C822213CF1A}
		{1DEDD823-ACC2-40FC-8E17-F241DEBAFADF} = {FA7B66C9-2081-4FD5-9036-F4A8351984A1}
		{D0B17318-975A-4EBD-BF70-57691712A015} = {1DEDD823-ACC2-40FC-8E17-F241DEBAFADF}
		{FDB3E023-3503-4AC2-ACEE-EF018AC84D87} = {FA7B66C9-2081-4FD5-9036-F4A8351984A1}
		{D2BF2E5D-91C2-41A3-BFEA-ADC6BFCC25A6} = {FDB3E023-3503-4AC2-ACEE-EF018AC84D87}
		{BC51FD16-DF14-4873-BC31-3139A413B32E} = {FA7B66C9-2081-4FD5-9036-F4A8351984A1}
		{D97ED06A-EFE7-4942-A343-0470637B38A6} = {BC51FD16-DF14-4873-BC31-3139A413B32E}
		{DDCEDD6C-7689-4F06-B918-E8C349089E2C} = {BC51FD16-DF14-4873-BC31-3139A413B32E}
		{3AC65D70-D9DC-4783-869E-D87508C73453} = {BC51FD16-DF14-4873-BC31-3139A413B32E}
		{B1471FC7-FB39-461F-B17B-632A4BD3F5CF} = {BC51FD16-DF14-4873-BC31-3139A413B32E}
	EndGlobalSection
	GlobalSection(ExtensibilityGlobals) = postSolution
		SolutionGuid = {E212FB22-AC8E-4F3D-95CD-B404743D3111}
	EndGlobalSection
EndGlobal
